
Microsoft Visual Studio Solution File, Format Version 12.00
# Visual Studio Version 17
VisualStudioVersion = 17.9.34728.123
MinimumVisualStudioVersion = 10.0.40219.1
Project("{9A19103F-16F7-4668-BE54-9A1E7A4F7556}") = "ShuttleX_task_api", "My_one-day_life_api\ShuttleX_task_api.csproj", "{FED3BD77-CAAA-4C69-95CA-CEC67A35EE2E}"
EndProject
Global
	GlobalSection(SolutionConfigurationPlatforms) = preSolution
		Debug|Any CPU = Debug|Any CPU
		Release|Any CPU = Release|Any CPU
	EndGlobalSection
	GlobalSection(ProjectConfigurationPlatforms) = postSolution
		{FED3BD77-CAAA-4C69-95CA-CEC67A35EE2E}.Debug|Any CPU.ActiveCfg = Debug|Any CPU
		{FED3BD77-CAAA-4C69-95CA-CEC67A35EE2E}.Debug|Any CPU.Build.0 = Debug|Any CPU
		{FED3BD77-CAAA-4C69-95CA-CEC67A35EE2E}.Release|Any CPU.ActiveCfg = Release|Any CPU
		{FED3BD77-CAAA-4C69-95CA-CEC67A35EE2E}.Release|Any CPU.Build.0 = Release|Any CPU
	EndGlobalSection
	GlobalSection(SolutionProperties) = preSolution
		HideSolutionNode = FALSE
	EndGlobalSection
	GlobalSection(ExtensibilityGlobals) = postSolution
		SolutionGuid = {65BF2613-E0F6-47A3-8E9F-0DA8CDF1417E}
	EndGlobalSection
EndGlobal
